
Microsoft Visual Studio Solution File, Format Version 12.00
# Visual Studio Version 17
VisualStudioVersion = 17.3.32901.215
MinimumVisualStudioVersion = 10.0.40219.1
Project("{FAE04EC0-301F-11D3-BF4B-00C04F79EFBC}") = "ConsoleApp73", "ConsoleApp73.csproj", "{F1BC2945-9F36-4B05-879D-F3CB7CA37D99}"
EndProject
Global
	GlobalSection(SolutionConfigurationPlatforms) = preSolution
		Debug|Any CPU = Debug|Any CPU
		Release|Any CPU = Release|Any CPU
	EndGlobalSection
	GlobalSection(ProjectConfigurationPlatforms) = postSolution
		{F1BC2945-9F36-4B05-879D-F3CB7CA37D99}.Debug|Any CPU.ActiveCfg = Debug|Any CPU
		{F1BC2945-9F36-4B05-879D-F3CB7CA37D99}.Debug|Any CPU.Build.0 = Debug|Any CPU
		{F1BC2945-9F36-4B05-879D-F3CB7CA37D99}.Release|Any CPU.ActiveCfg = Release|Any CPU
		{F1BC2945-9F36-4B05-879D-F3CB7CA37D99}.Release|Any CPU.Build.0 = Release|Any CPU
	EndGlobalSection
	GlobalSection(SolutionProperties) = preSolution
		HideSolutionNode = FALSE
	EndGlobalSection
	GlobalSection(ExtensibilityGlobals) = postSolution
		SolutionGuid = {DB1F35BE-C06E-4025-9059-5A484074159D}
	EndGlobalSection
EndGlobal
